
Microsoft Visual Studio Solution File, Format Version 12.00
# Visual Studio Version 17
VisualStudioVersion = 17.4.33213.308
MinimumVisualStudioVersion = 10.0.40219.1
Project("{8BC9CEB8-8B4A-11D0-8D11-00A0C91BC942}") = "OOPDZ4", "OOPDZ4\OOPDZ4.vcxproj", "{D76C8C61-AFEE-495F-A412-D8038E60BA66}"
EndProject
Project("{8BC9CEB8-8B4A-11D0-8D11-00A0C91BC942}") = "OOPDZ290923", "OOPDZ290923\OOPDZ290923.vcxproj", "{E4833D1C-82A3-40D3-A3F6-80015E2E5D69}"
EndProject
Project("{8BC9CEB8-8B4A-11D0-8D11-00A0C91BC942}") = "OOPDZ061023", "OOPDZ061023\OOPDZ061023.vcxproj", "{894D01B1-E5A4-455E-A1EF-1FCDA7D9B6F3}"
EndProject
Project("{8BC9CEB8-8B4A-11D0-8D11-00A0C91BC942}") = "OOPDZ211010", "OOPDZ211010\OOPDZ211010.vcxproj", "{BFCDA9B3-6961-4A21-9A49-C06DA841FB0E}"
EndProject
Project("{8BC9CEB8-8B4A-11D0-8D11-00A0C91BC942}") = "OOPDZ171023", "OOPDZ171023\OOPDZ171023.vcxproj", "{4CE220A9-CCF4-4D59-BC0B-0FD97C7E3831}"
EndProject
Project("{8BC9CEB8-8B4A-11D0-8D11-00A0C91BC942}") = "DZ17.11.23", "DZ17.11.23\DZ17.11.23.vcxproj", "{5927D1F5-11F1-4A28-969E-895E4CEC613A}"
EndProject
Project("{8BC9CEB8-8B4A-11D0-8D11-00A0C91BC942}") = "sm", "sm\sm.vcxproj", "{A4F71915-7FFF-4BC9-A7D9-CA7C906336F8}"
EndProject
Project("{8BC9CEB8-8B4A-11D0-8D11-00A0C91BC942}") = "DZ", "DZ\DZ.vcxproj", "{D8C34DC6-5A66-471F-907E-727A61F9DA99}"
EndProject
Project("{8BC9CEB8-8B4A-11D0-8D11-00A0C91BC942}") = "HM", "HM\HM.vcxproj", "{1229D7C2-9F4B-4EB3-970E-655D14405AE0}"
EndProject
Project("{8BC9CEB8-8B4A-11D0-8D11-00A0C91BC942}") = "list", "list\list.vcxproj", "{84098805-1418-4908-9506-6A46757E31AD}"
EndProject
Project("{8BC9CEB8-8B4A-11D0-8D11-00A0C91BC942}") = "deque", "deque\deque.vcxproj", "{2BEEAD23-50A0-4998-B28E-CA657ED94B5D}"
EndProject
Global
	GlobalSection(SolutionConfigurationPlatforms) = preSolution
		Debug|x64 = Debug|x64
		Debug|x86 = Debug|x86
		Release|x64 = Release|x64
		Release|x86 = Release|x86
	EndGlobalSection
	GlobalSection(ProjectConfigurationPlatforms) = postSolution
		{D76C8C61-AFEE-495F-A412-D8038E60BA66}.Debug|x64.ActiveCfg = Debug|x64
		{D76C8C61-AFEE-495F-A412-D8038E60BA66}.Debug|x64.Build.0 = Debug|x64
		{D76C8C61-AFEE-495F-A412-D8038E60BA66}.Debug|x86.ActiveCfg = Debug|Win32
		{D76C8C61-AFEE-495F-A412-D8038E60BA66}.Debug|x86.Build.0 = Debug|Win32
		{D76C8C61-AFEE-495F-A412-D8038E60BA66}.Release|x64.ActiveCfg = Release|x64
		{D76C8C61-AFEE-495F-A412-D8038E60BA66}.Release|x64.Build.0 = Release|x64
		{D76C8C61-AFEE-495F-A412-D8038E60BA66}.Release|x86.ActiveCfg = Release|Win32
		{D76C8C61-AFEE-495F-A412-D8038E60BA66}.Release|x86.Build.0 = Release|Win32
		{E4833D1C-82A3-40D3-A3F6-80015E2E5D69}.Debug|x64.ActiveCfg = Debug|x64
		{E4833D1C-82A3-40D3-A3F6-80015E2E5D69}.Debug|x64.Build.0 = Debug|x64
		{E4833D1C-82A3-40D3-A3F6-80015E2E5D69}.Debug|x86.ActiveCfg = Debug|Win32
		{E4833D1C-82A3-40D3-A3F6-80015E2E5D69}.Debug|x86.Build.0 = Debug|Win32
		{E4833D1C-82A3-40D3-A3F6-80015E2E5D69}.Release|x64.ActiveCfg = Release|x64
		{E4833D1C-82A3-40D3-A3F6-80015E2E5D69}.Release|x64.Build.0 = Release|x64
		{E4833D1C-82A3-40D3-A3F6-80015E2E5D69}.Release|x86.ActiveCfg = Release|Win32
		{E4833D1C-82A3-40D3-A3F6-80015E2E5D69}.Release|x86.Build.0 = Release|Win32
		{894D01B1-E5A4-455E-A1EF-1FCDA7D9B6F3}.Debug|x64.ActiveCfg = Debug|x64
		{894D01B1-E5A4-455E-A1EF-1FCDA7D9B6F3}.Debug|x64.Build.0 = Debug|x64
		{894D01B1-E5A4-455E-A1EF-1FCDA7D9B6F3}.Debug|x86.ActiveCfg = Debug|Win32
		{894D01B1-E5A4-455E-A1EF-1FCDA7D9B6F3}.Debug|x86.Build.0 = Debug|Win32
		{894D01B1-E5A4-455E-A1EF-1FCDA7D9B6F3}.Release|x64.ActiveCfg = Release|x64
		{894D01B1-E5A4-455E-A1EF-1FCDA7D9B6F3}.Release|x64.Build.0 = Release|x64
		{894D01B1-E5A4-455E-A1EF-1FCDA7D9B6F3}.Release|x86.ActiveCfg = Release|Win32
		{894D01B1-E5A4-455E-A1EF-1FCDA7D9B6F3}.Release|x86.Build.0 = Release|Win32
		{BFCDA9B3-6961-4A21-9A49-C06DA841FB0E}.Debug|x64.ActiveCfg = Debug|x64
		{BFCDA9B3-6961-4A21-9A49-C06DA841FB0E}.Debug|x64.Build.0 = Debug|x64
		{BFCDA9B3-6961-4A21-9A49-C06DA841FB0E}.Debug|x86.ActiveCfg = Debug|Win32
		{BFCDA9B3-6961-4A21-9A49-C06DA841FB0E}.Debug|x86.Build.0 = Debug|Win32
		{BFCDA9B3-6961-4A21-9A49-C06DA841FB0E}.Release|x64.ActiveCfg = Release|x64
		{BFCDA9B3-6961-4A21-9A49-C06DA841FB0E}.Release|x64.Build.0 = Release|x64
		{BFCDA9B3-6961-4A21-9A49-C06DA841FB0E}.Release|x86.ActiveCfg = Release|Win32
		{BFCDA9B3-6961-4A21-9A49-C06DA841FB0E}.Release|x86.Build.0 = Release|Win32
		{4CE220A9-CCF4-4D59-BC0B-0FD97C7E3831}.Debug|x64.ActiveCfg = Debug|x64
		{4CE220A9-CCF4-4D59-BC0B-0FD97C7E3831}.Debug|x64.Build.0 = Debug|x64
		{4CE220A9-CCF4-4D59-BC0B-0FD97C7E3831}.Debug|x86.ActiveCfg = Debug|Win32
		{4CE220A9-CCF4-4D59-BC0B-0FD97C7E3831}.Debug|x86.Build.0 = Debug|Win32
		{4CE220A9-CCF4-4D59-BC0B-0FD97C7E3831}.Release|x64.ActiveCfg = Release|x64
		{4CE220A9-CCF4-4D59-BC0B-0FD97C7E3831}.Release|x64.Build.0 = Release|x64
		{4CE220A9-CCF4-4D59-BC0B-0FD97C7E3831}.Release|x86.ActiveCfg = Release|Win32
		{4CE220A9-CCF4-4D59-BC0B-0FD97C7E3831}.Release|x86.Build.0 = Release|Win32
		{5927D1F5-11F1-4A28-969E-895E4CEC613A}.Debug|x64.ActiveCfg = Debug|x64
		{5927D1F5-11F1-4A28-969E-895E4CEC613A}.Debug|x64.Build.0 = Debug|x64
		{5927D1F5-11F1-4A28-969E-895E4CEC613A}.Debug|x86.ActiveCfg = Debug|Win32
		{5927D1F5-11F1-4A28-969E-895E4CEC613A}.Debug|x86.Build.0 = Debug|Win32
		{5927D1F5-11F1-4A28-969E-895E4CEC613A}.Release|x64.ActiveCfg = Release|x64
		{5927D1F5-11F1-4A28-969E-895E4CEC613A}.Release|x64.Build.0 = Release|x64
		{5927D1F5-11F1-4A28-969E-895E4CEC613A}.Release|x86.ActiveCfg = Release|Win32
		{5927D1F5-11F1-4A28-969E-895E4CEC613A}.Release|x86.Build.0 = Release|Win32
		{A4F71915-7FFF-4BC9-A7D9-CA7C906336F8}.Debug|x64.ActiveCfg = Debug|x64
		{A4F71915-7FFF-4BC9-A7D9-CA7C906336F8}.Debug|x64.Build.0 = Debug|x64
		{A4F71915-7FFF-4BC9-A7D9-CA7C906336F8}.Debug|x86.ActiveCfg = Debug|Win32
		{A4F71915-7FFF-4BC9-A7D9-CA7C906336F8}.Debug|x86.Build.0 = Debug|Win32
		{A4F71915-7FFF-4BC9-A7D9-CA7C906336F8}.Release|x64.ActiveCfg = Release|x64
		{A4F71915-7FFF-4BC9-A7D9-CA7C906336F8}.Release|x64.Build.0 = Release|x64
		{A4F71915-7FFF-4BC9-A7D9-CA7C906336F8}.Release|x86.ActiveCfg = Release|Win32
		{A4F71915-7FFF-4BC9-A7D9-CA7C906336F8}.Release|x86.Build.0 = Release|Win32
		{D8C34DC6-5A66-471F-907E-727A61F9DA99}.Debug|x64.ActiveCfg = Debug|x64
		{D8C34DC6-5A66-471F-907E-727A61F9DA99}.Debug|x64.Build.0 = Debug|x64
		{D8C34DC6-5A66-471F-907E-727A61F9DA99}.Debug|x86.ActiveCfg = Debug|Win32
		{D8C34DC6-5A66-471F-907E-727A61F9DA99}.Debug|x86.Build.0 = Debug|Win32
		{D8C34DC6-5A66-471F-907E-727A61F9DA99}.Release|x64.ActiveCfg = Release|x64
		{D8C34DC6-5A66-471F-907E-727A61F9DA99}.Release|x64.Build.0 = Release|x64
		{D8C34DC6-5A66-471F-907E-727A61F9DA99}.Release|x86.ActiveCfg = Release|Win32
		{D8C34DC6-5A66-471F-907E-727A61F9DA99}.Release|x86.Build.0 = Release|Win32
		{1229D7C2-9F4B-4EB3-970E-655D14405AE0}.Debug|x64.ActiveCfg = Debug|x64
		{1229D7C2-9F4B-4EB3-970E-655D14405AE0}.Debug|x64.Build.0 = Debug|x64
		{1229D7C2-9F4B-4EB3-970E-655D14405AE0}.Debug|x86.ActiveCfg = Debug|Win32
		{1229D7C2-9F4B-4EB3-970E-655D14405AE0}.Debug|x86.Build.0 = Debug|Win32
		{1229D7C2-9F4B-4EB3-970E-655D14405AE0}.Release|x64.ActiveCfg = Release|x64
		{1229D7C2-9F4B-4EB3-970E-655D14405AE0}.Release|x64.Build.0 = Release|x64
		{1229D7C2-9F4B-4EB3-970E-655D14405AE0}.Release|x86.ActiveCfg = Release|Win32
		{1229D7C2-9F4B-4EB3-970E-655D14405AE0}.Release|x86.Build.0 = Release|Win32
		{84098805-1418-4908-9506-6A46757E31AD}.Debug|x64.ActiveCfg = Debug|x64
		{84098805-1418-4908-9506-6A46757E31AD}.Debug|x64.Build.0 = Debug|x64
		{84098805-1418-4908-9506-6A46757E31AD}.Debug|x86.ActiveCfg = Debug|Win32
		{84098805-1418-4908-9506-6A46757E31AD}.Debug|x86.Build.0 = Debug|Win32
		{84098805-1418-4908-9506-6A46757E31AD}.Release|x64.ActiveCfg = Release|x64
		{84098805-1418-4908-9506-6A46757E31AD}.Release|x64.Build.0 = Release|x64
		{84098805-1418-4908-9506-6A46757E31AD}.Release|x86.ActiveCfg = Release|Win32
		{84098805-1418-4908-9506-6A46757E31AD}.Release|x86.Build.0 = Release|Win32
		{2BEEAD23-50A0-4998-B28E-CA657ED94B5D}.Debug|x64.ActiveCfg = Debug|x64
		{2BEEAD23-50A0-4998-B28E-CA657ED94B5D}.Debug|x64.Build.0 = Debug|x64
		{2BEEAD23-50A0-4998-B28E-CA657ED94B5D}.Debug|x86.ActiveCfg = Debug|Win32
		{2BEEAD23-50A0-4998-B28E-CA657ED94B5D}.Debug|x86.Build.0 = Debug|Win32
		{2BEEAD23-50A0-4998-B28E-CA657ED94B5D}.Release|x64.ActiveCfg = Release|x64
		{2BEEAD23-50A0-4998-B28E-CA657ED94B5D}.Release|x64.Build.0 = Release|x64
		{2BEEAD23-50A0-4998-B28E-CA657ED94B5D}.Release|x86.ActiveCfg = Release|Win32
		{2BEEAD23-50A0-4998-B28E-CA657ED94B5D}.Release|x86.Build.0 = Release|Win32
	EndGlobalSection
	GlobalSection(SolutionProperties) = preSolution
		HideSolutionNode = FALSE
	EndGlobalSection
	GlobalSection(ExtensibilityGlobals) = postSolution
		SolutionGuid = {FFBB0BFC-49C8-4DAB-96E7-E7286CA58D6A}
	EndGlobalSection
EndGlobal
